
Microsoft Visual Studio Solution File, Format Version 12.00
# Visual Studio Version 16
VisualStudioVersion = 16.0.31424.327
MinimumVisualStudioVersion = 10.0.40219.1
Project("{D954291E-2A0B-460D-934E-DC6B0785DB48}") = "PostUno.Shared", "PostUno\PostUno.Shared\PostUno.Shared.shproj", "{6279C845-92F8-4333-AB99-3D213163593C}"
EndProject
Project("{2150E333-8FDC-42A3-9474-1A3956D46DE8}") = "Platforms", "Platforms", "{8DC56178-0EE8-42C6-B3C1-EECB928C542D}"
EndProject
Project("{FAE04EC0-301F-11D3-BF4B-00C04F79EFBC}") = "PostUno.Droid", "PostUno\PostUno.Droid\PostUno.Droid.csproj", "{07D3A1BB-DDF1-4612-98CC-B75C3AD4CD4E}"
EndProject
Project("{FAE04EC0-301F-11D3-BF4B-00C04F79EFBC}") = "PostUno.iOS", "PostUno\PostUno.iOS\PostUno.iOS.csproj", "{13F90196-3EEB-46CC-837F-B723681CFCD1}"
EndProject
Project("{FAE04EC0-301F-11D3-BF4B-00C04F79EFBC}") = "PostUno.UWP", "PostUno\PostUno.UWP\PostUno.UWP.csproj", "{4EBEACB5-DE02-4B5D-872E-9876A1852F68}"
EndProject
Project("{9A19103F-16F7-4668-BE54-9A1E7A4F7556}") = "PostUno.Wasm", "PostUno\PostUno.Wasm\PostUno.Wasm.csproj", "{93140EE4-DA24-4233-B81E-972E9E48D42C}"
EndProject
Project("{FAE04EC0-301F-11D3-BF4B-00C04F79EFBC}") = "PostUno.macOS", "PostUno\PostUno.macOS\PostUno.macOS.csproj", "{C52DDD3A-1672-4C6A-8C90-AF7305F4FA5F}"
EndProject
Project("{9A19103F-16F7-4668-BE54-9A1E7A4F7556}") = "PostUno.Skia.Wpf.Host", "PostUno\PostUno.Skia.Wpf.Host\PostUno.Skia.Wpf.Host.csproj", "{4AADE27F-A949-4314-A4BA-1C309E2EEA92}"
EndProject
Project("{9A19103F-16F7-4668-BE54-9A1E7A4F7556}") = "PostUno.Skia.Wpf", "PostUno\PostUno.Skia.Wpf\PostUno.Skia.Wpf.csproj", "{848218AF-7214-4A88-8341-D2899DB756E8}"
EndProject
Project("{9A19103F-16F7-4668-BE54-9A1E7A4F7556}") = "PostUno.Skia.Gtk", "PostUno\PostUno.Skia.Gtk\PostUno.Skia.Gtk.csproj", "{3D902504-DB29-4251-8846-9EBFA08A20A5}"
EndProject
Project("{9A19103F-16F7-4668-BE54-9A1E7A4F7556}") = "PostUno.Skia.Tizen", "PostUno\PostUno.Skia.Tizen\PostUno.Skia.Tizen.csproj", "{99A3FC31-91EB-46D1-9DC3-F9E33CD534B2}"
EndProject
Project("{FAE04EC0-301F-11D3-BF4B-00C04F79EFBC}") = "PostUno.Api", "PostUno.Api\PostUno.Api.csproj", "{7CB50391-BD7A-42D4-A680-A915920F5F24}"
EndProject
Global
	GlobalSection(SharedMSBuildProjectFiles) = preSolution
		PostUno\PostUno.Shared\PostUno.Shared.projitems*{07d3a1bb-ddf1-4612-98cc-b75c3ad4cd4e}*SharedItemsImports = 4
		PostUno\PostUno.Shared\PostUno.Shared.projitems*{13f90196-3eeb-46cc-837f-b723681cfcd1}*SharedItemsImports = 4
		PostUno\PostUno.Shared\PostUno.Shared.projitems*{3d902504-db29-4251-8846-9ebfa08a20a5}*SharedItemsImports = 5
		PostUno\PostUno.Shared\PostUno.Shared.projitems*{4ebeacb5-de02-4b5d-872e-9876a1852f68}*SharedItemsImports = 4
		PostUno\PostUno.Shared\PostUno.Shared.projitems*{6279c845-92f8-4333-ab99-3d213163593c}*SharedItemsImports = 13
		PostUno\PostUno.Shared\PostUno.Shared.projitems*{848218af-7214-4a88-8341-d2899db756e8}*SharedItemsImports = 5
		PostUno\PostUno.Shared\PostUno.Shared.projitems*{93140ee4-da24-4233-b81e-972e9e48d42c}*SharedItemsImports = 5
		PostUno\PostUno.Shared\PostUno.Shared.projitems*{99a3fc31-91eb-46d1-9dc3-f9e33cd534b2}*SharedItemsImports = 5
		PostUno\PostUno.Shared\PostUno.Shared.projitems*{c52ddd3a-1672-4c6a-8c90-af7305f4fa5f}*SharedItemsImports = 4
	EndGlobalSection
	GlobalSection(SolutionConfigurationPlatforms) = preSolution
		Ad-Hoc|Any CPU = Ad-Hoc|Any CPU
		Ad-Hoc|ARM = Ad-Hoc|ARM
		Ad-Hoc|ARM64 = Ad-Hoc|ARM64
		Ad-Hoc|iPhone = Ad-Hoc|iPhone
		Ad-Hoc|iPhoneSimulator = Ad-Hoc|iPhoneSimulator
		Ad-Hoc|x64 = Ad-Hoc|x64
		Ad-Hoc|x86 = Ad-Hoc|x86
		AppStore|Any CPU = AppStore|Any CPU
		AppStore|ARM = AppStore|ARM
		AppStore|ARM64 = AppStore|ARM64
		AppStore|iPhone = AppStore|iPhone
		AppStore|iPhoneSimulator = AppStore|iPhoneSimulator
		AppStore|x64 = AppStore|x64
		AppStore|x86 = AppStore|x86
		Debug|Any CPU = Debug|Any CPU
		Debug|ARM = Debug|ARM
		Debug|ARM64 = Debug|ARM64
		Debug|iPhone = Debug|iPhone
		Debug|iPhoneSimulator = Debug|iPhoneSimulator
		Debug|x64 = Debug|x64
		Debug|x86 = Debug|x86
		Release|Any CPU = Release|Any CPU
		Release|ARM = Release|ARM
		Release|ARM64 = Release|ARM64
		Release|iPhone = Release|iPhone
		Release|iPhoneSimulator = Release|iPhoneSimulator
		Release|x64 = Release|x64
		Release|x86 = Release|x86
	EndGlobalSection
	GlobalSection(ProjectConfigurationPlatforms) = postSolution
		{07D3A1BB-DDF1-4612-98CC-B75C3AD4CD4E}.Ad-Hoc|Any CPU.ActiveCfg = Debug|Any CPU
		{07D3A1BB-DDF1-4612-98CC-B75C3AD4CD4E}.Ad-Hoc|Any CPU.Build.0 = Debug|Any CPU
		{07D3A1BB-DDF1-4612-98CC-B75C3AD4CD4E}.Ad-Hoc|Any CPU.Deploy.0 = Debug|Any CPU
		{07D3A1BB-DDF1-4612-98CC-B75C3AD4CD4E}.Ad-Hoc|ARM.ActiveCfg = Debug|Any CPU
		{07D3A1BB-DDF1-4612-98CC-B75C3AD4CD4E}.Ad-Hoc|ARM.Build.0 = Debug|Any CPU
		{07D3A1BB-DDF1-4612-98CC-B75C3AD4CD4E}.Ad-Hoc|ARM.Deploy.0 = Debug|Any CPU
		{07D3A1BB-DDF1-4612-98CC-B75C3AD4CD4E}.Ad-Hoc|ARM64.ActiveCfg = Debug|Any CPU
		{07D3A1BB-DDF1-4612-98CC-B75C3AD4CD4E}.Ad-Hoc|ARM64.Build.0 = Debug|Any CPU
		{07D3A1BB-DDF1-4612-98CC-B75C3AD4CD4E}.Ad-Hoc|ARM64.Deploy.0 = Debug|Any CPU
		{07D3A1BB-DDF1-4612-98CC-B75C3AD4CD4E}.Ad-Hoc|iPhone.ActiveCfg = Debug|Any CPU
		{07D3A1BB-DDF1-4612-98CC-B75C3AD4CD4E}.Ad-Hoc|iPhone.Build.0 = Debug|Any CPU
		{07D3A1BB-DDF1-4612-98CC-B75C3AD4CD4E}.Ad-Hoc|iPhone.Deploy.0 = Debug|Any CPU
		{07D3A1BB-DDF1-4612-98CC-B75C3AD4CD4E}.Ad-Hoc|iPhoneSimulator.ActiveCfg = Debug|Any CPU
		{07D3A1BB-DDF1-4612-98CC-B75C3AD4CD4E}.Ad-Hoc|iPhoneSimulator.Build.0 = Debug|Any CPU
		{07D3A1BB-DDF1-4612-98CC-B75C3AD4CD4E}.Ad-Hoc|iPhoneSimulator.Deploy.0 = Debug|Any CPU
		{07D3A1BB-DDF1-4612-98CC-B75C3AD4CD4E}.Ad-Hoc|x64.ActiveCfg = Debug|Any CPU
		{07D3A1BB-DDF1-4612-98CC-B75C3AD4CD4E}.Ad-Hoc|x64.Build.0 = Debug|Any CPU
		{07D3A1BB-DDF1-4612-98CC-B75C3AD4CD4E}.Ad-Hoc|x64.Deploy.0 = Debug|Any CPU
		{07D3A1BB-DDF1-4612-98CC-B75C3AD4CD4E}.Ad-Hoc|x86.ActiveCfg = Debug|Any CPU
		{07D3A1BB-DDF1-4612-98CC-B75C3AD4CD4E}.Ad-Hoc|x86.Build.0 = Debug|Any CPU
		{07D3A1BB-DDF1-4612-98CC-B75C3AD4CD4E}.Ad-Hoc|x86.Deploy.0 = Debug|Any CPU
		{07D3A1BB-DDF1-4612-98CC-B75C3AD4CD4E}.AppStore|Any CPU.ActiveCfg = Debug|Any CPU
		{07D3A1BB-DDF1-4612-98CC-B75C3AD4CD4E}.AppStore|Any CPU.Build.0 = Debug|Any CPU
		{07D3A1BB-DDF1-4612-98CC-B75C3AD4CD4E}.AppStore|Any CPU.Deploy.0 = Debug|Any CPU
		{07D3A1BB-DDF1-4612-98CC-B75C3AD4CD4E}.AppStore|ARM.ActiveCfg = Debug|Any CPU
		{07D3A1BB-DDF1-4612-98CC-B75C3AD4CD4E}.AppStore|ARM.Build.0 = Debug|Any CPU
		{07D3A1BB-DDF1-4612-98CC-B75C3AD4CD4E}.AppStore|ARM.Deploy.0 = Debug|Any CPU
		{07D3A1BB-DDF1-4612-98CC-B75C3AD4CD4E}.AppStore|ARM64.ActiveCfg = Debug|Any CPU
		{07D3A1BB-DDF1-4612-98CC-B75C3AD4CD4E}.AppStore|ARM64.Build.0 = Debug|Any CPU
		{07D3A1BB-DDF1-4612-98CC-B75C3AD4CD4E}.AppStore|ARM64.Deploy.0 = Debug|Any CPU
		{07D3A1BB-DDF1-4612-98CC-B75C3AD4CD4E}.AppStore|iPhone.ActiveCfg = Debug|Any CPU
		{07D3A1BB-DDF1-4612-98CC-B75C3AD4CD4E}.AppStore|iPhone.Build.0 = Debug|Any CPU
		{07D3A1BB-DDF1-4612-98CC-B75C3AD4CD4E}.AppStore|iPhone.Deploy.0 = Debug|Any CPU
		{07D3A1BB-DDF1-4612-98CC-B75C3AD4CD4E}.AppStore|iPhoneSimulator.ActiveCfg = Debug|Any CPU
		{07D3A1BB-DDF1-4612-98CC-B75C3AD4CD4E}.AppStore|iPhoneSimulator.Build.0 = Debug|Any CPU
		{07D3A1BB-DDF1-4612-98CC-B75C3AD4CD4E}.AppStore|iPhoneSimulator.Deploy.0 = Debug|Any CPU
		{07D3A1BB-DDF1-4612-98CC-B75C3AD4CD4E}.AppStore|x64.ActiveCfg = Debug|Any CPU
		{07D3A1BB-DDF1-4612-98CC-B75C3AD4CD4E}.AppStore|x64.Build.0 = Debug|Any CPU
		{07D3A1BB-DDF1-4612-98CC-B75C3AD4CD4E}.AppStore|x64.Deploy.0 = Debug|Any CPU
		{07D3A1BB-DDF1-4612-98CC-B75C3AD4CD4E}.AppStore|x86.ActiveCfg = Debug|Any CPU
		{07D3A1BB-DDF1-4612-98CC-B75C3AD4CD4E}.AppStore|x86.Build.0 = Debug|Any CPU
		{07D3A1BB-DDF1-4612-98CC-B75C3AD4CD4E}.AppStore|x86.Deploy.0 = Debug|Any CPU
		{07D3A1BB-DDF1-4612-98CC-B75C3AD4CD4E}.Debug|Any CPU.ActiveCfg = Debug|Any CPU
		{07D3A1BB-DDF1-4612-98CC-B75C3AD4CD4E}.Debug|Any CPU.Build.0 = Debug|Any CPU
		{07D3A1BB-DDF1-4612-98CC-B75C3AD4CD4E}.Debug|Any CPU.Deploy.0 = Debug|Any CPU
		{07D3A1BB-DDF1-4612-98CC-B75C3AD4CD4E}.Debug|ARM.ActiveCfg = Debug|Any CPU
		{07D3A1BB-DDF1-4612-98CC-B75C3AD4CD4E}.Debug|ARM.Build.0 = Debug|Any CPU
		{07D3A1BB-DDF1-4612-98CC-B75C3AD4CD4E}.Debug|ARM.Deploy.0 = Debug|Any CPU
		{07D3A1BB-DDF1-4612-98CC-B75C3AD4CD4E}.Debug|ARM64.ActiveCfg = Debug|Any CPU
		{07D3A1BB-DDF1-4612-98CC-B75C3AD4CD4E}.Debug|ARM64.Build.0 = Debug|Any CPU
		{07D3A1BB-DDF1-4612-98CC-B75C3AD4CD4E}.Debug|ARM64.Deploy.0 = Debug|Any CPU
		{07D3A1BB-DDF1-4612-98CC-B75C3AD4CD4E}.Debug|iPhone.ActiveCfg = Debug|Any CPU
		{07D3A1BB-DDF1-4612-98CC-B75C3AD4CD4E}.Debug|iPhone.Build.0 = Debug|Any CPU
		{07D3A1BB-DDF1-4612-98CC-B75C3AD4CD4E}.Debug|iPhone.Deploy.0 = Debug|Any CPU
		{07D3A1BB-DDF1-4612-98CC-B75C3AD4CD4E}.Debug|iPhoneSimulator.ActiveCfg = Debug|Any CPU
		{07D3A1BB-DDF1-4612-98CC-B75C3AD4CD4E}.Debug|iPhoneSimulator.Build.0 = Debug|Any CPU
		{07D3A1BB-DDF1-4612-98CC-B75C3AD4CD4E}.Debug|iPhoneSimulator.Deploy.0 = Debug|Any CPU
		{07D3A1BB-DDF1-4612-98CC-B75C3AD4CD4E}.Debug|x64.ActiveCfg = Debug|Any CPU
		{07D3A1BB-DDF1-4612-98CC-B75C3AD4CD4E}.Debug|x64.Build.0 = Debug|Any CPU
		{07D3A1BB-DDF1-4612-98CC-B75C3AD4CD4E}.Debug|x64.Deploy.0 = Debug|Any CPU
		{07D3A1BB-DDF1-4612-98CC-B75C3AD4CD4E}.Debug|x86.ActiveCfg = Debug|Any CPU
		{07D3A1BB-DDF1-4612-98CC-B75C3AD4CD4E}.Debug|x86.Build.0 = Debug|Any CPU
		{07D3A1BB-DDF1-4612-98CC-B75C3AD4CD4E}.Debug|x86.Deploy.0 = Debug|Any CPU
		{07D3A1BB-DDF1-4612-98CC-B75C3AD4CD4E}.Release|Any CPU.ActiveCfg = Release|Any CPU
		{07D3A1BB-DDF1-4612-98CC-B75C3AD4CD4E}.Release|Any CPU.Build.0 = Release|Any CPU
		{07D3A1BB-DDF1-4612-98CC-B75C3AD4CD4E}.Release|Any CPU.Deploy.0 = Release|Any CPU
		{07D3A1BB-DDF1-4612-98CC-B75C3AD4CD4E}.Release|ARM.ActiveCfg = Release|Any CPU
		{07D3A1BB-DDF1-4612-98CC-B75C3AD4CD4E}.Release|ARM.Build.0 = Release|Any CPU
		{07D3A1BB-DDF1-4612-98CC-B75C3AD4CD4E}.Release|ARM.Deploy.0 = Release|Any CPU
		{07D3A1BB-DDF1-4612-98CC-B75C3AD4CD4E}.Release|ARM64.ActiveCfg = Release|Any CPU
		{07D3A1BB-DDF1-4612-98CC-B75C3AD4CD4E}.Release|ARM64.Build.0 = Release|Any CPU
		{07D3A1BB-DDF1-4612-98CC-B75C3AD4CD4E}.Release|ARM64.Deploy.0 = Release|Any CPU
		{07D3A1BB-DDF1-4612-98CC-B75C3AD4CD4E}.Release|iPhone.ActiveCfg = Release|Any CPU
		{07D3A1BB-DDF1-4612-98CC-B75C3AD4CD4E}.Release|iPhone.Build.0 = Release|Any CPU
		{07D3A1BB-DDF1-4612-98CC-B75C3AD4CD4E}.Release|iPhone.Deploy.0 = Release|Any CPU
		{07D3A1BB-DDF1-4612-98CC-B75C3AD4CD4E}.Release|iPhoneSimulator.ActiveCfg = Release|Any CPU
		{07D3A1BB-DDF1-4612-98CC-B75C3AD4CD4E}.Release|iPhoneSimulator.Build.0 = Release|Any CPU
		{07D3A1BB-DDF1-4612-98CC-B75C3AD4CD4E}.Release|iPhoneSimulator.Deploy.0 = Release|Any CPU
		{07D3A1BB-DDF1-4612-98CC-B75C3AD4CD4E}.Release|x64.ActiveCfg = Release|Any CPU
		{07D3A1BB-DDF1-4612-98CC-B75C3AD4CD4E}.Release|x64.Build.0 = Release|Any CPU
		{07D3A1BB-DDF1-4612-98CC-B75C3AD4CD4E}.Release|x64.Deploy.0 = Release|Any CPU
		{07D3A1BB-DDF1-4612-98CC-B75C3AD4CD4E}.Release|x86.ActiveCfg = Release|Any CPU
		{07D3A1BB-DDF1-4612-98CC-B75C3AD4CD4E}.Release|x86.Build.0 = Release|Any CPU
		{07D3A1BB-DDF1-4612-98CC-B75C3AD4CD4E}.Release|x86.Deploy.0 = Release|Any CPU
		{13F90196-3EEB-46CC-837F-B723681CFCD1}.Ad-Hoc|Any CPU.ActiveCfg = Ad-Hoc|iPhoneSimulator
		{13F90196-3EEB-46CC-837F-B723681CFCD1}.Ad-Hoc|ARM.ActiveCfg = Ad-Hoc|iPhoneSimulator
		{13F90196-3EEB-46CC-837F-B723681CFCD1}.Ad-Hoc|ARM64.ActiveCfg = Ad-Hoc|iPhoneSimulator
		{13F90196-3EEB-46CC-837F-B723681CFCD1}.Ad-Hoc|iPhone.ActiveCfg = Ad-Hoc|iPhone
		{13F90196-3EEB-46CC-837F-B723681CFCD1}.Ad-Hoc|iPhone.Build.0 = Ad-Hoc|iPhone
		{13F90196-3EEB-46CC-837F-B723681CFCD1}.Ad-Hoc|iPhoneSimulator.ActiveCfg = Ad-Hoc|iPhoneSimulator
		{13F90196-3EEB-46CC-837F-B723681CFCD1}.Ad-Hoc|iPhoneSimulator.Build.0 = Ad-Hoc|iPhoneSimulator
		{13F90196-3EEB-46CC-837F-B723681CFCD1}.Ad-Hoc|x64.ActiveCfg = Ad-Hoc|iPhoneSimulator
		{13F90196-3EEB-46CC-837F-B723681CFCD1}.Ad-Hoc|x86.ActiveCfg = Ad-Hoc|iPhoneSimulator
		{13F90196-3EEB-46CC-837F-B723681CFCD1}.AppStore|Any CPU.ActiveCfg = AppStore|iPhoneSimulator
		{13F90196-3EEB-46CC-837F-B723681CFCD1}.AppStore|ARM.ActiveCfg = AppStore|iPhoneSimulator
		{13F90196-3EEB-46CC-837F-B723681CFCD1}.AppStore|ARM64.ActiveCfg = AppStore|iPhoneSimulator
		{13F90196-3EEB-46CC-837F-B723681CFCD1}.AppStore|iPhone.ActiveCfg = AppStore|iPhone
		{13F90196-3EEB-46CC-837F-B723681CFCD1}.AppStore|iPhone.Build.0 = AppStore|iPhone
		{13F90196-3EEB-46CC-837F-B723681CFCD1}.AppStore|iPhoneSimulator.ActiveCfg = AppStore|iPhoneSimulator
		{13F90196-3EEB-46CC-837F-B723681CFCD1}.AppStore|iPhoneSimulator.Build.0 = AppStore|iPhoneSimulator
		{13F90196-3EEB-46CC-837F-B723681CFCD1}.AppStore|x64.ActiveCfg = AppStore|iPhoneSimulator
		{13F90196-3EEB-46CC-837F-B723681CFCD1}.AppStore|x86.ActiveCfg = AppStore|iPhoneSimulator
		{13F90196-3EEB-46CC-837F-B723681CFCD1}.Debug|Any CPU.ActiveCfg = Debug|iPhoneSimulator
		{13F90196-3EEB-46CC-837F-B723681CFCD1}.Debug|ARM.ActiveCfg = Debug|iPhoneSimulator
		{13F90196-3EEB-46CC-837F-B723681CFCD1}.Debug|ARM64.ActiveCfg = Debug|iPhoneSimulator
		{13F90196-3EEB-46CC-837F-B723681CFCD1}.Debug|iPhone.ActiveCfg = Debug|iPhone
		{13F90196-3EEB-46CC-837F-B723681CFCD1}.Debug|iPhone.Build.0 = Debug|iPhone
		{13F90196-3EEB-46CC-837F-B723681CFCD1}.Debug|iPhoneSimulator.ActiveCfg = Debug|iPhoneSimulator
		{13F90196-3EEB-46CC-837F-B723681CFCD1}.Debug|iPhoneSimulator.Build.0 = Debug|iPhoneSimulator
		{13F90196-3EEB-46CC-837F-B723681CFCD1}.Debug|x64.ActiveCfg = Debug|iPhoneSimulator
		{13F90196-3EEB-46CC-837F-B723681CFCD1}.Debug|x86.ActiveCfg = Debug|iPhoneSimulator
		{13F90196-3EEB-46CC-837F-B723681CFCD1}.Release|Any CPU.ActiveCfg = Release|iPhoneSimulator
		{13F90196-3EEB-46CC-837F-B723681CFCD1}.Release|ARM.ActiveCfg = Release|iPhoneSimulator
		{13F90196-3EEB-46CC-837F-B723681CFCD1}.Release|ARM64.ActiveCfg = Release|iPhoneSimulator
		{13F90196-3EEB-46CC-837F-B723681CFCD1}.Release|iPhone.ActiveCfg = Release|iPhone
		{13F90196-3EEB-46CC-837F-B723681CFCD1}.Release|iPhone.Build.0 = Release|iPhone
		{13F90196-3EEB-46CC-837F-B723681CFCD1}.Release|iPhoneSimulator.ActiveCfg = Release|iPhoneSimulator
		{13F90196-3EEB-46CC-837F-B723681CFCD1}.Release|iPhoneSimulator.Build.0 = Release|iPhoneSimulator
		{13F90196-3EEB-46CC-837F-B723681CFCD1}.Release|x64.ActiveCfg = Release|iPhoneSimulator
		{13F90196-3EEB-46CC-837F-B723681CFCD1}.Release|x86.ActiveCfg = Release|iPhoneSimulator
		{4EBEACB5-DE02-4B5D-872E-9876A1852F68}.Ad-Hoc|Any CPU.ActiveCfg = Debug|x86
		{4EBEACB5-DE02-4B5D-872E-9876A1852F68}.Ad-Hoc|Any CPU.Build.0 = Debug|x86
		{4EBEACB5-DE02-4B5D-872E-9876A1852F68}.Ad-Hoc|Any CPU.Deploy.0 = Debug|x86
		{4EBEACB5-DE02-4B5D-872E-9876A1852F68}.Ad-Hoc|ARM.ActiveCfg = Debug|ARM
		{4EBEACB5-DE02-4B5D-872E-9876A1852F68}.Ad-Hoc|ARM.Build.0 = Debug|ARM
		{4EBEACB5-DE02-4B5D-872E-9876A1852F68}.Ad-Hoc|ARM.Deploy.0 = Debug|ARM
		{4EBEACB5-DE02-4B5D-872E-9876A1852F68}.Ad-Hoc|ARM64.ActiveCfg = Debug|ARM64
		{4EBEACB5-DE02-4B5D-872E-9876A1852F68}.Ad-Hoc|ARM64.Build.0 = Debug|ARM64
		{4EBEACB5-DE02-4B5D-872E-9876A1852F68}.Ad-Hoc|ARM64.Deploy.0 = Debug|ARM64
		{4EBEACB5-DE02-4B5D-872E-9876A1852F68}.Ad-Hoc|iPhone.ActiveCfg = Debug|x86
		{4EBEACB5-DE02-4B5D-872E-9876A1852F68}.Ad-Hoc|iPhone.Build.0 = Debug|x86
		{4EBEACB5-DE02-4B5D-872E-9876A1852F68}.Ad-Hoc|iPhone.Deploy.0 = Debug|x86
		{4EBEACB5-DE02-4B5D-872E-9876A1852F68}.Ad-Hoc|iPhoneSimulator.ActiveCfg = Debug|x86
		{4EBEACB5-DE02-4B5D-872E-9876A1852F68}.Ad-Hoc|iPhoneSimulator.Build.0 = Debug|x86
		{4EBEACB5-DE02-4B5D-872E-9876A1852F68}.Ad-Hoc|iPhoneSimulator.Deploy.0 = Debug|x86
		{4EBEACB5-DE02-4B5D-872E-9876A1852F68}.Ad-Hoc|x64.ActiveCfg = Debug|x64
		{4EBEACB5-DE02-4B5D-872E-9876A1852F68}.Ad-Hoc|x64.Build.0 = Debug|x64
		{4EBEACB5-DE02-4B5D-872E-9876A1852F68}.Ad-Hoc|x64.Deploy.0 = Debug|x64
		{4EBEACB5-DE02-4B5D-872E-9876A1852F68}.Ad-Hoc|x86.ActiveCfg = Debug|x86
		{4EBEACB5-DE02-4B5D-872E-9876A1852F68}.Ad-Hoc|x86.Build.0 = Debug|x86
		{4EBEACB5-DE02-4B5D-872E-9876A1852F68}.Ad-Hoc|x86.Deploy.0 = Debug|x86
		{4EBEACB5-DE02-4B5D-872E-9876A1852F68}.AppStore|Any CPU.ActiveCfg = Debug|x86
		{4EBEACB5-DE02-4B5D-872E-9876A1852F68}.AppStore|Any CPU.Build.0 = Debug|x86
		{4EBEACB5-DE02-4B5D-872E-9876A1852F68}.AppStore|Any CPU.Deploy.0 = Debug|x86
		{4EBEACB5-DE02-4B5D-872E-9876A1852F68}.AppStore|ARM.ActiveCfg = Debug|ARM
		{4EBEACB5-DE02-4B5D-872E-9876A1852F68}.AppStore|ARM.Build.0 = Debug|ARM
		{4EBEACB5-DE02-4B5D-872E-9876A1852F68}.AppStore|ARM.Deploy.0 = Debug|ARM
		{4EBEACB5-DE02-4B5D-872E-9876A1852F68}.AppStore|ARM64.ActiveCfg = Debug|ARM64
		{4EBEACB5-DE02-4B5D-872E-9876A1852F68}.AppStore|ARM64.Build.0 = Debug|ARM64
		{4EBEACB5-DE02-4B5D-872E-9876A1852F68}.AppStore|ARM64.Deploy.0 = Debug|ARM64
		{4EBEACB5-DE02-4B5D-872E-9876A1852F68}.AppStore|iPhone.ActiveCfg = Debug|x86
		{4EBEACB5-DE02-4B5D-872E-9876A1852F68}.AppStore|iPhone.Build.0 = Debug|x86
		{4EBEACB5-DE02-4B5D-872E-9876A1852F68}.AppStore|iPhone.Deploy.0 = Debug|x86
		{4EBEACB5-DE02-4B5D-872E-9876A1852F68}.AppStore|iPhoneSimulator.ActiveCfg = Debug|x86
		{4EBEACB5-DE02-4B5D-872E-9876A1852F68}.AppStore|iPhoneSimulator.Build.0 = Debug|x86
		{4EBEACB5-DE02-4B5D-872E-9876A1852F68}.AppStore|iPhoneSimulator.Deploy.0 = Debug|x86
		{4EBEACB5-DE02-4B5D-872E-9876A1852F68}.AppStore|x64.ActiveCfg = Debug|x64
		{4EBEACB5-DE02-4B5D-872E-9876A1852F68}.AppStore|x64.Build.0 = Debug|x64
		{4EBEACB5-DE02-4B5D-872E-9876A1852F68}.AppStore|x64.Deploy.0 = Debug|x64
		{4EBEACB5-DE02-4B5D-872E-9876A1852F68}.AppStore|x86.ActiveCfg = Debug|x86
		{4EBEACB5-DE02-4B5D-872E-9876A1852F68}.AppStore|x86.Build.0 = Debug|x86
		{4EBEACB5-DE02-4B5D-872E-9876A1852F68}.AppStore|x86.Deploy.0 = Debug|x86
		{4EBEACB5-DE02-4B5D-872E-9876A1852F68}.Debug|Any CPU.ActiveCfg = Debug|x86
		{4EBEACB5-DE02-4B5D-872E-9876A1852F68}.Debug|Any CPU.Build.0 = Debug|x86
		{4EBEACB5-DE02-4B5D-872E-9876A1852F68}.Debug|Any CPU.Deploy.0 = Debug|x86
		{4EBEACB5-DE02-4B5D-872E-9876A1852F68}.Debug|ARM.ActiveCfg = Debug|ARM
		{4EBEACB5-DE02-4B5D-872E-9876A1852F68}.Debug|ARM.Build.0 = Debug|ARM
		{4EBEACB5-DE02-4B5D-872E-9876A1852F68}.Debug|ARM.Deploy.0 = Debug|ARM
		{4EBEACB5-DE02-4B5D-872E-9876A1852F68}.Debug|ARM64.ActiveCfg = Debug|ARM64
		{4EBEACB5-DE02-4B5D-872E-9876A1852F68}.Debug|ARM64.Build.0 = Debug|ARM64
		{4EBEACB5-DE02-4B5D-872E-9876A1852F68}.Debug|ARM64.Deploy.0 = Debug|ARM64
		{4EBEACB5-DE02-4B5D-872E-9876A1852F68}.Debug|iPhone.ActiveCfg = Debug|x86
		{4EBEACB5-DE02-4B5D-872E-9876A1852F68}.Debug|iPhoneSimulator.ActiveCfg = Debug|x86
		{4EBEACB5-DE02-4B5D-872E-9876A1852F68}.Debug|x64.ActiveCfg = Debug|x64
		{4EBEACB5-DE02-4B5D-872E-9876A1852F68}.Debug|x64.Build.0 = Debug|x64
		{4EBEACB5-DE02-4B5D-872E-9876A1852F68}.Debug|x64.Deploy.0 = Debug|x64
		{4EBEACB5-DE02-4B5D-872E-9876A1852F68}.Debug|x86.ActiveCfg = Debug|x86
		{4EBEACB5-DE02-4B5D-872E-9876A1852F68}.Debug|x86.Build.0 = Debug|x86
		{4EBEACB5-DE02-4B5D-872E-9876A1852F68}.Debug|x86.Deploy.0 = Debug|x86
		{4EBEACB5-DE02-4B5D-872E-9876A1852F68}.Release|Any CPU.ActiveCfg = Release|x86
		{4EBEACB5-DE02-4B5D-872E-9876A1852F68}.Release|ARM.ActiveCfg = Release|ARM
		{4EBEACB5-DE02-4B5D-872E-9876A1852F68}.Release|ARM.Build.0 = Release|ARM
		{4EBEACB5-DE02-4B5D-872E-9876A1852F68}.Release|ARM.Deploy.0 = Release|ARM
		{4EBEACB5-DE02-4B5D-872E-9876A1852F68}.Release|ARM64.ActiveCfg = Release|ARM64
		{4EBEACB5-DE02-4B5D-872E-9876A1852F68}.Release|ARM64.Build.0 = Release|ARM64
		{4EBEACB5-DE02-4B5D-872E-9876A1852F68}.Release|ARM64.Deploy.0 = Release|ARM64
		{4EBEACB5-DE02-4B5D-872E-9876A1852F68}.Release|iPhone.ActiveCfg = Release|x86
		{4EBEACB5-DE02-4B5D-872E-9876A1852F68}.Release|iPhoneSimulator.ActiveCfg = Release|x86
		{4EBEACB5-DE02-4B5D-872E-9876A1852F68}.Release|x64.ActiveCfg = Release|x64
		{4EBEACB5-DE02-4B5D-872E-9876A1852F68}.Release|x64.Build.0 = Release|x64
		{4EBEACB5-DE02-4B5D-872E-9876A1852F68}.Release|x64.Deploy.0 = Release|x64
		{4EBEACB5-DE02-4B5D-872E-9876A1852F68}.Release|x86.ActiveCfg = Release|x86
		{4EBEACB5-DE02-4B5D-872E-9876A1852F68}.Release|x86.Build.0 = Release|x86
		{4EBEACB5-DE02-4B5D-872E-9876A1852F68}.Release|x86.Deploy.0 = Release|x86
		{93140EE4-DA24-4233-B81E-972E9E48D42C}.Ad-Hoc|Any CPU.ActiveCfg = Debug|Any CPU
		{93140EE4-DA24-4233-B81E-972E9E48D42C}.Ad-Hoc|Any CPU.Build.0 = Debug|Any CPU
		{93140EE4-DA24-4233-B81E-972E9E48D42C}.Ad-Hoc|ARM.ActiveCfg = Debug|Any CPU
		{93140EE4-DA24-4233-B81E-972E9E48D42C}.Ad-Hoc|ARM.Build.0 = Debug|Any CPU
		{93140EE4-DA24-4233-B81E-972E9E48D42C}.Ad-Hoc|ARM64.ActiveCfg = Debug|Any CPU
		{93140EE4-DA24-4233-B81E-972E9E48D42C}.Ad-Hoc|ARM64.Build.0 = Debug|Any CPU
		{93140EE4-DA24-4233-B81E-972E9E48D42C}.Ad-Hoc|iPhone.ActiveCfg = Debug|Any CPU
		{93140EE4-DA24-4233-B81E-972E9E48D42C}.Ad-Hoc|iPhone.Build.0 = Debug|Any CPU
		{93140EE4-DA24-4233-B81E-972E9E48D42C}.Ad-Hoc|iPhoneSimulator.ActiveCfg = Debug|Any CPU
		{93140EE4-DA24-4233-B81E-972E9E48D42C}.Ad-Hoc|iPhoneSimulator.Build.0 = Debug|Any CPU
		{93140EE4-DA24-4233-B81E-972E9E48D42C}.Ad-Hoc|x64.ActiveCfg = Debug|Any CPU
		{93140EE4-DA24-4233-B81E-972E9E48D42C}.Ad-Hoc|x64.Build.0 = Debug|Any CPU
		{93140EE4-DA24-4233-B81E-972E9E48D42C}.Ad-Hoc|x86.ActiveCfg = Debug|Any CPU
		{93140EE4-DA24-4233-B81E-972E9E48D42C}.Ad-Hoc|x86.Build.0 = Debug|Any CPU
		{93140EE4-DA24-4233-B81E-972E9E48D42C}.AppStore|Any CPU.ActiveCfg = Debug|Any CPU
		{93140EE4-DA24-4233-B81E-972E9E48D42C}.AppStore|Any CPU.Build.0 = Debug|Any CPU
		{93140EE4-DA24-4233-B81E-972E9E48D42C}.AppStore|ARM.ActiveCfg = Debug|Any CPU
		{93140EE4-DA24-4233-B81E-972E9E48D42C}.AppStore|ARM.Build.0 = Debug|Any CPU
		{93140EE4-DA24-4233-B81E-972E9E48D42C}.AppStore|ARM64.ActiveCfg = Debug|Any CPU
		{93140EE4-DA24-4233-B81E-972E9E48D42C}.AppStore|ARM64.Build.0 = Debug|Any CPU
		{93140EE4-DA24-4233-B81E-972E9E48D42C}.AppStore|iPhone.ActiveCfg = Debug|Any CPU
		{93140EE4-DA24-4233-B81E-972E9E48D42C}.AppStore|iPhone.Build.0 = Debug|Any CPU
		{93140EE4-DA24-4233-B81E-972E9E48D42C}.AppStore|iPhoneSimulator.ActiveCfg = Debug|Any CPU
		{93140EE4-DA24-4233-B81E-972E9E48D42C}.AppStore|iPhoneSimulator.Build.0 = Debug|Any CPU
		{93140EE4-DA24-4233-B81E-972E9E48D42C}.AppStore|x64.ActiveCfg = Debug|Any CPU
		{93140EE4-DA24-4233-B81E-972E9E48D42C}.AppStore|x64.Build.0 = Debug|Any CPU
		{93140EE4-DA24-4233-B81E-972E9E48D42C}.AppStore|x86.ActiveCfg = Debug|Any CPU
		{93140EE4-DA24-4233-B81E-972E9E48D42C}.AppStore|x86.Build.0 = Debug|Any CPU
		{93140EE4-DA24-4233-B81E-972E9E48D42C}.Debug|Any CPU.ActiveCfg = Debug|Any CPU
		{93140EE4-DA24-4233-B81E-972E9E48D42C}.Debug|Any CPU.Build.0 = Debug|Any CPU
		{93140EE4-DA24-4233-B81E-972E9E48D42C}.Debug|ARM.ActiveCfg = Debug|Any CPU
		{93140EE4-DA24-4233-B81E-972E9E48D42C}.Debug|ARM.Build.0 = Debug|Any CPU
		{93140EE4-DA24-4233-B81E-972E9E48D42C}.Debug|ARM64.ActiveCfg = Debug|Any CPU
		{93140EE4-DA24-4233-B81E-972E9E48D42C}.Debug|ARM64.Build.0 = Debug|Any CPU
		{93140EE4-DA24-4233-B81E-972E9E48D42C}.Debug|iPhone.ActiveCfg = Debug|Any CPU
		{93140EE4-DA24-4233-B81E-972E9E48D42C}.Debug|iPhone.Build.0 = Debug|Any CPU
		{93140EE4-DA24-4233-B81E-972E9E48D42C}.Debug|iPhoneSimulator.ActiveCfg = Debug|Any CPU
		{93140EE4-DA24-4233-B81E-972E9E48D42C}.Debug|iPhoneSimulator.Build.0 = Debug|Any CPU
		{93140EE4-DA24-4233-B81E-972E9E48D42C}.Debug|x64.ActiveCfg = Debug|Any CPU
		{93140EE4-DA24-4233-B81E-972E9E48D42C}.Debug|x64.Build.0 = Debug|Any CPU
		{93140EE4-DA24-4233-B81E-972E9E48D42C}.Debug|x86.ActiveCfg = Debug|Any CPU
		{93140EE4-DA24-4233-B81E-972E9E48D42C}.Debug|x86.Build.0 = Debug|Any CPU
		{93140EE4-DA24-4233-B81E-972E9E48D42C}.Release|Any CPU.ActiveCfg = Release|Any CPU
		{93140EE4-DA24-4233-B81E-972E9E48D42C}.Release|Any CPU.Build.0 = Release|Any CPU
		{93140EE4-DA24-4233-B81E-972E9E48D42C}.Release|ARM.ActiveCfg = Release|Any CPU
		{93140EE4-DA24-4233-B81E-972E9E48D42C}.Release|ARM.Build.0 = Release|Any CPU
		{93140EE4-DA24-4233-B81E-972E9E48D42C}.Release|ARM64.ActiveCfg = Release|Any CPU
		{93140EE4-DA24-4233-B81E-972E9E48D42C}.Release|ARM64.Build.0 = Release|Any CPU
		{93140EE4-DA24-4233-B81E-972E9E48D42C}.Release|iPhone.ActiveCfg = Release|Any CPU
		{93140EE4-DA24-4233-B81E-972E9E48D42C}.Release|iPhone.Build.0 = Release|Any CPU
		{93140EE4-DA24-4233-B81E-972E9E48D42C}.Release|iPhoneSimulator.ActiveCfg = Release|Any CPU
		{93140EE4-DA24-4233-B81E-972E9E48D42C}.Release|iPhoneSimulator.Build.0 = Release|Any CPU
		{93140EE4-DA24-4233-B81E-972E9E48D42C}.Release|x64.ActiveCfg = Release|Any CPU
		{93140EE4-DA24-4233-B81E-972E9E48D42C}.Release|x64.Build.0 = Release|Any CPU
		{93140EE4-DA24-4233-B81E-972E9E48D42C}.Release|x86.ActiveCfg = Release|Any CPU
		{93140EE4-DA24-4233-B81E-972E9E48D42C}.Release|x86.Build.0 = Release|Any CPU
		{C52DDD3A-1672-4C6A-8C90-AF7305F4FA5F}.Ad-Hoc|Any CPU.ActiveCfg = Debug|iPhoneSimulator
		{C52DDD3A-1672-4C6A-8C90-AF7305F4FA5F}.Ad-Hoc|Any CPU.Build.0 = Debug|iPhoneSimulator
		{C52DDD3A-1672-4C6A-8C90-AF7305F4FA5F}.Ad-Hoc|ARM.ActiveCfg = Debug|iPhoneSimulator
		{C52DDD3A-1672-4C6A-8C90-AF7305F4FA5F}.Ad-Hoc|ARM.Build.0 = Debug|iPhoneSimulator
		{C52DDD3A-1672-4C6A-8C90-AF7305F4FA5F}.Ad-Hoc|ARM64.ActiveCfg = Debug|iPhoneSimulator
		{C52DDD3A-1672-4C6A-8C90-AF7305F4FA5F}.Ad-Hoc|ARM64.Build.0 = Debug|iPhoneSimulator
		{C52DDD3A-1672-4C6A-8C90-AF7305F4FA5F}.Ad-Hoc|iPhone.ActiveCfg = Debug|iPhoneSimulator
		{C52DDD3A-1672-4C6A-8C90-AF7305F4FA5F}.Ad-Hoc|iPhone.Build.0 = Debug|iPhoneSimulator
		{C52DDD3A-1672-4C6A-8C90-AF7305F4FA5F}.Ad-Hoc|iPhoneSimulator.ActiveCfg = Debug|iPhoneSimulator
		{C52DDD3A-1672-4C6A-8C90-AF7305F4FA5F}.Ad-Hoc|iPhoneSimulator.Build.0 = Debug|iPhoneSimulator
		{C52DDD3A-1672-4C6A-8C90-AF7305F4FA5F}.Ad-Hoc|x64.ActiveCfg = Debug|iPhoneSimulator
		{C52DDD3A-1672-4C6A-8C90-AF7305F4FA5F}.Ad-Hoc|x64.Build.0 = Debug|iPhoneSimulator
		{C52DDD3A-1672-4C6A-8C90-AF7305F4FA5F}.Ad-Hoc|x86.ActiveCfg = Debug|iPhoneSimulator
		{C52DDD3A-1672-4C6A-8C90-AF7305F4FA5F}.Ad-Hoc|x86.Build.0 = Debug|iPhoneSimulator
		{C52DDD3A-1672-4C6A-8C90-AF7305F4FA5F}.AppStore|Any CPU.ActiveCfg = Debug|iPhoneSimulator
		{C52DDD3A-1672-4C6A-8C90-AF7305F4FA5F}.AppStore|Any CPU.Build.0 = Debug|iPhoneSimulator
		{C52DDD3A-1672-4C6A-8C90-AF7305F4FA5F}.AppStore|ARM.ActiveCfg = Debug|iPhoneSimulator
		{C52DDD3A-1672-4C6A-8C90-AF7305F4FA5F}.AppStore|ARM.Build.0 = Debug|iPhoneSimulator
		{C52DDD3A-1672-4C6A-8C90-AF7305F4FA5F}.AppStore|ARM64.ActiveCfg = Debug|iPhoneSimulator
		{C52DDD3A-1672-4C6A-8C90-AF7305F4FA5F}.AppStore|ARM64.Build.0 = Debug|iPhoneSimulator
		{C52DDD3A-1672-4C6A-8C90-AF7305F4FA5F}.AppStore|iPhone.ActiveCfg = Debug|iPhoneSimulator
		{C52DDD3A-1672-4C6A-8C90-AF7305F4FA5F}.AppStore|iPhone.Build.0 = Debug|iPhoneSimulator
		{C52DDD3A-1672-4C6A-8C90-AF7305F4FA5F}.AppStore|iPhoneSimulator.ActiveCfg = Debug|iPhoneSimulator
		{C52DDD3A-1672-4C6A-8C90-AF7305F4FA5F}.AppStore|iPhoneSimulator.Build.0 = Debug|iPhoneSimulator
		{C52DDD3A-1672-4C6A-8C90-AF7305F4FA5F}.AppStore|x64.ActiveCfg = Debug|iPhoneSimulator
		{C52DDD3A-1672-4C6A-8C90-AF7305F4FA5F}.AppStore|x64.Build.0 = Debug|iPhoneSimulator
		{C52DDD3A-1672-4C6A-8C90-AF7305F4FA5F}.AppStore|x86.ActiveCfg = Debug|iPhoneSimulator
		{C52DDD3A-1672-4C6A-8C90-AF7305F4FA5F}.AppStore|x86.Build.0 = Debug|iPhoneSimulator
		{C52DDD3A-1672-4C6A-8C90-AF7305F4FA5F}.Debug|Any CPU.ActiveCfg = Debug|iPhoneSimulator
		{C52DDD3A-1672-4C6A-8C90-AF7305F4FA5F}.Debug|ARM.ActiveCfg = Debug|iPhoneSimulator
		{C52DDD3A-1672-4C6A-8C90-AF7305F4FA5F}.Debug|ARM64.ActiveCfg = Debug|iPhoneSimulator
		{C52DDD3A-1672-4C6A-8C90-AF7305F4FA5F}.Debug|iPhone.ActiveCfg = Debug|iPhoneSimulator
		{C52DDD3A-1672-4C6A-8C90-AF7305F4FA5F}.Debug|iPhoneSimulator.ActiveCfg = Debug|iPhoneSimulator
		{C52DDD3A-1672-4C6A-8C90-AF7305F4FA5F}.Debug|iPhoneSimulator.Build.0 = Debug|iPhoneSimulator
		{C52DDD3A-1672-4C6A-8C90-AF7305F4FA5F}.Debug|x64.ActiveCfg = Debug|iPhoneSimulator
		{C52DDD3A-1672-4C6A-8C90-AF7305F4FA5F}.Debug|x86.ActiveCfg = Debug|iPhoneSimulator
		{C52DDD3A-1672-4C6A-8C90-AF7305F4FA5F}.Release|Any CPU.ActiveCfg = Release|iPhoneSimulator
		{C52DDD3A-1672-4C6A-8C90-AF7305F4FA5F}.Release|ARM.ActiveCfg = Release|iPhoneSimulator
		{C52DDD3A-1672-4C6A-8C90-AF7305F4FA5F}.Release|ARM64.ActiveCfg = Release|iPhoneSimulator
		{C52DDD3A-1672-4C6A-8C90-AF7305F4FA5F}.Release|iPhone.ActiveCfg = Release|iPhoneSimulator
		{C52DDD3A-1672-4C6A-8C90-AF7305F4FA5F}.Release|iPhoneSimulator.ActiveCfg = Release|iPhoneSimulator
		{C52DDD3A-1672-4C6A-8C90-AF7305F4FA5F}.Release|iPhoneSimulator.Build.0 = Release|iPhoneSimulator
		{C52DDD3A-1672-4C6A-8C90-AF7305F4FA5F}.Release|x64.ActiveCfg = Release|iPhoneSimulator
		{C52DDD3A-1672-4C6A-8C90-AF7305F4FA5F}.Release|x86.ActiveCfg = Release|iPhoneSimulator
		{4AADE27F-A949-4314-A4BA-1C309E2EEA92}.Ad-Hoc|Any CPU.ActiveCfg = Debug|Any CPU
		{4AADE27F-A949-4314-A4BA-1C309E2EEA92}.Ad-Hoc|Any CPU.Build.0 = Debug|Any CPU
		{4AADE27F-A949-4314-A4BA-1C309E2EEA92}.Ad-Hoc|ARM.ActiveCfg = Debug|Any CPU
		{4AADE27F-A949-4314-A4BA-1C309E2EEA92}.Ad-Hoc|ARM.Build.0 = Debug|Any CPU
		{4AADE27F-A949-4314-A4BA-1C309E2EEA92}.Ad-Hoc|ARM64.ActiveCfg = Debug|Any CPU
		{4AADE27F-A949-4314-A4BA-1C309E2EEA92}.Ad-Hoc|ARM64.Build.0 = Debug|Any CPU
		{4AADE27F-A949-4314-A4BA-1C309E2EEA92}.Ad-Hoc|iPhone.ActiveCfg = Debug|Any CPU
		{4AADE27F-A949-4314-A4BA-1C309E2EEA92}.Ad-Hoc|iPhone.Build.0 = Debug|Any CPU
		{4AADE27F-A949-4314-A4BA-1C309E2EEA92}.Ad-Hoc|iPhoneSimulator.ActiveCfg = Debug|Any CPU
		{4AADE27F-A949-4314-A4BA-1C309E2EEA92}.Ad-Hoc|iPhoneSimulator.Build.0 = Debug|Any CPU
		{4AADE27F-A949-4314-A4BA-1C309E2EEA92}.Ad-Hoc|x64.ActiveCfg = Debug|Any CPU
		{4AADE27F-A949-4314-A4BA-1C309E2EEA92}.Ad-Hoc|x64.Build.0 = Debug|Any CPU
		{4AADE27F-A949-4314-A4BA-1C309E2EEA92}.Ad-Hoc|x86.ActiveCfg = Debug|Any CPU
		{4AADE27F-A949-4314-A4BA-1C309E2EEA92}.Ad-Hoc|x86.Build.0 = Debug|Any CPU
		{4AADE27F-A949-4314-A4BA-1C309E2EEA92}.AppStore|Any CPU.ActiveCfg = Debug|Any CPU
		{4AADE27F-A949-4314-A4BA-1C309E2EEA92}.AppStore|Any CPU.Build.0 = Debug|Any CPU
		{4AADE27F-A949-4314-A4BA-1C309E2EEA92}.AppStore|ARM.ActiveCfg = Debug|Any CPU
		{4AADE27F-A949-4314-A4BA-1C309E2EEA92}.AppStore|ARM.Build.0 = Debug|Any CPU
		{4AADE27F-A949-4314-A4BA-1C309E2EEA92}.AppStore|ARM64.ActiveCfg = Debug|Any CPU
		{4AADE27F-A949-4314-A4BA-1C309E2EEA92}.AppStore|ARM64.Build.0 = Debug|Any CPU
		{4AADE27F-A949-4314-A4BA-1C309E2EEA92}.AppStore|iPhone.ActiveCfg = Debug|Any CPU
		{4AADE27F-A949-4314-A4BA-1C309E2EEA92}.AppStore|iPhone.Build.0 = Debug|Any CPU
		{4AADE27F-A949-4314-A4BA-1C309E2EEA92}.AppStore|iPhoneSimulator.ActiveCfg = Debug|Any CPU
		{4AADE27F-A949-4314-A4BA-1C309E2EEA92}.AppStore|iPhoneSimulator.Build.0 = Debug|Any CPU
		{4AADE27F-A949-4314-A4BA-1C309E2EEA92}.AppStore|x64.ActiveCfg = Debug|Any CPU
		{4AADE27F-A949-4314-A4BA-1C309E2EEA92}.AppStore|x64.Build.0 = Debug|Any CPU
		{4AADE27F-A949-4314-A4BA-1C309E2EEA92}.AppStore|x86.ActiveCfg = Debug|Any CPU
		{4AADE27F-A949-4314-A4BA-1C309E2EEA92}.AppStore|x86.Build.0 = Debug|Any CPU
		{4AADE27F-A949-4314-A4BA-1C309E2EEA92}.Debug|Any CPU.ActiveCfg = Debug|Any CPU
		{4AADE27F-A949-4314-A4BA-1C309E2EEA92}.Debug|Any CPU.Build.0 = Debug|Any CPU
		{4AADE27F-A949-4314-A4BA-1C309E2EEA92}.Debug|ARM.ActiveCfg = Debug|Any CPU
		{4AADE27F-A949-4314-A4BA-1C309E2EEA92}.Debug|ARM.Build.0 = Debug|Any CPU
		{4AADE27F-A949-4314-A4BA-1C309E2EEA92}.Debug|ARM64.ActiveCfg = Debug|Any CPU
		{4AADE27F-A949-4314-A4BA-1C309E2EEA92}.Debug|ARM64.Build.0 = Debug|Any CPU
		{4AADE27F-A949-4314-A4BA-1C309E2EEA92}.Debug|iPhone.ActiveCfg = Debug|Any CPU
		{4AADE27F-A949-4314-A4BA-1C309E2EEA92}.Debug|iPhone.Build.0 = Debug|Any CPU
		{4AADE27F-A949-4314-A4BA-1C309E2EEA92}.Debug|iPhoneSimulator.ActiveCfg = Debug|Any CPU
		{4AADE27F-A949-4314-A4BA-1C309E2EEA92}.Debug|iPhoneSimulator.Build.0 = Debug|Any CPU
		{4AADE27F-A949-4314-A4BA-1C309E2EEA92}.Debug|x64.ActiveCfg = Debug|Any CPU
		{4AADE27F-A949-4314-A4BA-1C309E2EEA92}.Debug|x64.Build.0 = Debug|Any CPU
		{4AADE27F-A949-4314-A4BA-1C309E2EEA92}.Debug|x86.ActiveCfg = Debug|Any CPU
		{4AADE27F-A949-4314-A4BA-1C309E2EEA92}.Debug|x86.Build.0 = Debug|Any CPU
		{4AADE27F-A949-4314-A4BA-1C309E2EEA92}.Release|Any CPU.ActiveCfg = Release|Any CPU
		{4AADE27F-A949-4314-A4BA-1C309E2EEA92}.Release|Any CPU.Build.0 = Release|Any CPU
		{4AADE27F-A949-4314-A4BA-1C309E2EEA92}.Release|ARM.ActiveCfg = Release|Any CPU
		{4AADE27F-A949-4314-A4BA-1C309E2EEA92}.Release|ARM.Build.0 = Release|Any CPU
		{4AADE27F-A949-4314-A4BA-1C309E2EEA92}.Release|ARM64.ActiveCfg = Release|Any CPU
		{4AADE27F-A949-4314-A4BA-1C309E2EEA92}.Release|ARM64.Build.0 = Release|Any CPU
		{4AADE27F-A949-4314-A4BA-1C309E2EEA92}.Release|iPhone.ActiveCfg = Release|Any CPU
		{4AADE27F-A949-4314-A4BA-1C309E2EEA92}.Release|iPhone.Build.0 = Release|Any CPU
		{4AADE27F-A949-4314-A4BA-1C309E2EEA92}.Release|iPhoneSimulator.ActiveCfg = Release|Any CPU
		{4AADE27F-A949-4314-A4BA-1C309E2EEA92}.Release|iPhoneSimulator.Build.0 = Release|Any CPU
		{4AADE27F-A949-4314-A4BA-1C309E2EEA92}.Release|x64.ActiveCfg = Release|Any CPU
		{4AADE27F-A949-4314-A4BA-1C309E2EEA92}.Release|x64.Build.0 = Release|Any CPU
		{4AADE27F-A949-4314-A4BA-1C309E2EEA92}.Release|x86.ActiveCfg = Release|Any CPU
		{4AADE27F-A949-4314-A4BA-1C309E2EEA92}.Release|x86.Build.0 = Release|Any CPU
		{848218AF-7214-4A88-8341-D2899DB756E8}.Ad-Hoc|Any CPU.ActiveCfg = Debug|Any CPU
		{848218AF-7214-4A88-8341-D2899DB756E8}.Ad-Hoc|Any CPU.Build.0 = Debug|Any CPU
		{848218AF-7214-4A88-8341-D2899DB756E8}.Ad-Hoc|ARM.ActiveCfg = Debug|Any CPU
		{848218AF-7214-4A88-8341-D2899DB756E8}.Ad-Hoc|ARM.Build.0 = Debug|Any CPU
		{848218AF-7214-4A88-8341-D2899DB756E8}.Ad-Hoc|ARM64.ActiveCfg = Debug|Any CPU
		{848218AF-7214-4A88-8341-D2899DB756E8}.Ad-Hoc|ARM64.Build.0 = Debug|Any CPU
		{848218AF-7214-4A88-8341-D2899DB756E8}.Ad-Hoc|iPhone.ActiveCfg = Debug|Any CPU
		{848218AF-7214-4A88-8341-D2899DB756E8}.Ad-Hoc|iPhone.Build.0 = Debug|Any CPU
		{848218AF-7214-4A88-8341-D2899DB756E8}.Ad-Hoc|iPhoneSimulator.ActiveCfg = Debug|Any CPU
		{848218AF-7214-4A88-8341-D2899DB756E8}.Ad-Hoc|iPhoneSimulator.Build.0 = Debug|Any CPU
		{848218AF-7214-4A88-8341-D2899DB756E8}.Ad-Hoc|x64.ActiveCfg = Debug|Any CPU
		{848218AF-7214-4A88-8341-D2899DB756E8}.Ad-Hoc|x64.Build.0 = Debug|Any CPU
		{848218AF-7214-4A88-8341-D2899DB756E8}.Ad-Hoc|x86.ActiveCfg = Debug|Any CPU
		{848218AF-7214-4A88-8341-D2899DB756E8}.Ad-Hoc|x86.Build.0 = Debug|Any CPU
		{848218AF-7214-4A88-8341-D2899DB756E8}.AppStore|Any CPU.ActiveCfg = Debug|Any CPU
		{848218AF-7214-4A88-8341-D2899DB756E8}.AppStore|Any CPU.Build.0 = Debug|Any CPU
		{848218AF-7214-4A88-8341-D2899DB756E8}.AppStore|ARM.ActiveCfg = Debug|Any CPU
		{848218AF-7214-4A88-8341-D2899DB756E8}.AppStore|ARM.Build.0 = Debug|Any CPU
		{848218AF-7214-4A88-8341-D2899DB756E8}.AppStore|ARM64.ActiveCfg = Debug|Any CPU
		{848218AF-7214-4A88-8341-D2899DB756E8}.AppStore|ARM64.Build.0 = Debug|Any CPU
		{848218AF-7214-4A88-8341-D2899DB756E8}.AppStore|iPhone.ActiveCfg = Debug|Any CPU
		{848218AF-7214-4A88-8341-D2899DB756E8}.AppStore|iPhone.Build.0 = Debug|Any CPU
		{848218AF-7214-4A88-8341-D2899DB756E8}.AppStore|iPhoneSimulator.ActiveCfg = Debug|Any CPU
		{848218AF-7214-4A88-8341-D2899DB756E8}.AppStore|iPhoneSimulator.Build.0 = Debug|Any CPU
		{848218AF-7214-4A88-8341-D2899DB756E8}.AppStore|x64.ActiveCfg = Debug|Any CPU
		{848218AF-7214-4A88-8341-D2899DB756E8}.AppStore|x64.Build.0 = Debug|Any CPU
		{848218AF-7214-4A88-8341-D2899DB756E8}.AppStore|x86.ActiveCfg = Debug|Any CPU
		{848218AF-7214-4A88-8341-D2899DB756E8}.AppStore|x86.Build.0 = Debug|Any CPU
		{848218AF-7214-4A88-8341-D2899DB756E8}.Debug|Any CPU.ActiveCfg = Debug|Any CPU
		{848218AF-7214-4A88-8341-D2899DB756E8}.Debug|Any CPU.Build.0 = Debug|Any CPU
		{848218AF-7214-4A88-8341-D2899DB756E8}.Debug|ARM.ActiveCfg = Debug|Any CPU
		{848218AF-7214-4A88-8341-D2899DB756E8}.Debug|ARM.Build.0 = Debug|Any CPU
		{848218AF-7214-4A88-8341-D2899DB756E8}.Debug|ARM64.ActiveCfg = Debug|Any CPU
		{848218AF-7214-4A88-8341-D2899DB756E8}.Debug|ARM64.Build.0 = Debug|Any CPU
		{848218AF-7214-4A88-8341-D2899DB756E8}.Debug|iPhone.ActiveCfg = Debug|Any CPU
		{848218AF-7214-4A88-8341-D2899DB756E8}.Debug|iPhone.Build.0 = Debug|Any CPU
		{848218AF-7214-4A88-8341-D2899DB756E8}.Debug|iPhoneSimulator.ActiveCfg = Debug|Any CPU
		{848218AF-7214-4A88-8341-D2899DB756E8}.Debug|iPhoneSimulator.Build.0 = Debug|Any CPU
		{848218AF-7214-4A88-8341-D2899DB756E8}.Debug|x64.ActiveCfg = Debug|Any CPU
		{848218AF-7214-4A88-8341-D2899DB756E8}.Debug|x64.Build.0 = Debug|Any CPU
		{848218AF-7214-4A88-8341-D2899DB756E8}.Debug|x86.ActiveCfg = Debug|Any CPU
		{848218AF-7214-4A88-8341-D2899DB756E8}.Debug|x86.Build.0 = Debug|Any CPU
		{848218AF-7214-4A88-8341-D2899DB756E8}.Release|Any CPU.ActiveCfg = Release|Any CPU
		{848218AF-7214-4A88-8341-D2899DB756E8}.Release|Any CPU.Build.0 = Release|Any CPU
		{848218AF-7214-4A88-8341-D2899DB756E8}.Release|ARM.ActiveCfg = Release|Any CPU
		{848218AF-7214-4A88-8341-D2899DB756E8}.Release|ARM.Build.0 = Release|Any CPU
		{848218AF-7214-4A88-8341-D2899DB756E8}.Release|ARM64.ActiveCfg = Release|Any CPU
		{848218AF-7214-4A88-8341-D2899DB756E8}.Release|ARM64.Build.0 = Release|Any CPU
		{848218AF-7214-4A88-8341-D2899DB756E8}.Release|iPhone.ActiveCfg = Release|Any CPU
		{848218AF-7214-4A88-8341-D2899DB756E8}.Release|iPhone.Build.0 = Release|Any CPU
		{848218AF-7214-4A88-8341-D2899DB756E8}.Release|iPhoneSimulator.ActiveCfg = Release|Any CPU
		{848218AF-7214-4A88-8341-D2899DB756E8}.Release|iPhoneSimulator.Build.0 = Release|Any CPU
		{848218AF-7214-4A88-8341-D2899DB756E8}.Release|x64.ActiveCfg = Release|Any CPU
		{848218AF-7214-4A88-8341-D2899DB756E8}.Release|x64.Build.0 = Release|Any CPU
		{848218AF-7214-4A88-8341-D2899DB756E8}.Release|x86.ActiveCfg = Release|Any CPU
		{848218AF-7214-4A88-8341-D2899DB756E8}.Release|x86.Build.0 = Release|Any CPU
		{3D902504-DB29-4251-8846-9EBFA08A20A5}.Ad-Hoc|Any CPU.ActiveCfg = Debug|Any CPU
		{3D902504-DB29-4251-8846-9EBFA08A20A5}.Ad-Hoc|Any CPU.Build.0 = Debug|Any CPU
		{3D902504-DB29-4251-8846-9EBFA08A20A5}.Ad-Hoc|ARM.ActiveCfg = Debug|Any CPU
		{3D902504-DB29-4251-8846-9EBFA08A20A5}.Ad-Hoc|ARM.Build.0 = Debug|Any CPU
		{3D902504-DB29-4251-8846-9EBFA08A20A5}.Ad-Hoc|ARM64.ActiveCfg = Debug|Any CPU
		{3D902504-DB29-4251-8846-9EBFA08A20A5}.Ad-Hoc|ARM64.Build.0 = Debug|Any CPU
		{3D902504-DB29-4251-8846-9EBFA08A20A5}.Ad-Hoc|iPhone.ActiveCfg = Debug|Any CPU
		{3D902504-DB29-4251-8846-9EBFA08A20A5}.Ad-Hoc|iPhone.Build.0 = Debug|Any CPU
		{3D902504-DB29-4251-8846-9EBFA08A20A5}.Ad-Hoc|iPhoneSimulator.ActiveCfg = Debug|Any CPU
		{3D902504-DB29-4251-8846-9EBFA08A20A5}.Ad-Hoc|iPhoneSimulator.Build.0 = Debug|Any CPU
		{3D902504-DB29-4251-8846-9EBFA08A20A5}.Ad-Hoc|x64.ActiveCfg = Debug|Any CPU
		{3D902504-DB29-4251-8846-9EBFA08A20A5}.Ad-Hoc|x64.Build.0 = Debug|Any CPU
		{3D902504-DB29-4251-8846-9EBFA08A20A5}.Ad-Hoc|x86.ActiveCfg = Debug|Any CPU
		{3D902504-DB29-4251-8846-9EBFA08A20A5}.Ad-Hoc|x86.Build.0 = Debug|Any CPU
		{3D902504-DB29-4251-8846-9EBFA08A20A5}.AppStore|Any CPU.ActiveCfg = Debug|Any CPU
		{3D902504-DB29-4251-8846-9EBFA08A20A5}.AppStore|Any CPU.Build.0 = Debug|Any CPU
		{3D902504-DB29-4251-8846-9EBFA08A20A5}.AppStore|ARM.ActiveCfg = Debug|Any CPU
		{3D902504-DB29-4251-8846-9EBFA08A20A5}.AppStore|ARM.Build.0 = Debug|Any CPU
		{3D902504-DB29-4251-8846-9EBFA08A20A5}.AppStore|ARM64.ActiveCfg = Debug|Any CPU
		{3D902504-DB29-4251-8846-9EBFA08A20A5}.AppStore|ARM64.Build.0 = Debug|Any CPU
		{3D902504-DB29-4251-8846-9EBFA08A20A5}.AppStore|iPhone.ActiveCfg = Debug|Any CPU
		{3D902504-DB29-4251-8846-9EBFA08A20A5}.AppStore|iPhone.Build.0 = Debug|Any CPU
		{3D902504-DB29-4251-8846-9EBFA08A20A5}.AppStore|iPhoneSimulator.ActiveCfg = Debug|Any CPU
		{3D902504-DB29-4251-8846-9EBFA08A20A5}.AppStore|iPhoneSimulator.Build.0 = Debug|Any CPU
		{3D902504-DB29-4251-8846-9EBFA08A20A5}.AppStore|x64.ActiveCfg = Debug|Any CPU
		{3D902504-DB29-4251-8846-9EBFA08A20A5}.AppStore|x64.Build.0 = Debug|Any CPU
		{3D902504-DB29-4251-8846-9EBFA08A20A5}.AppStore|x86.ActiveCfg = Debug|Any CPU
		{3D902504-DB29-4251-8846-9EBFA08A20A5}.AppStore|x86.Build.0 = Debug|Any CPU
		{3D902504-DB29-4251-8846-9EBFA08A20A5}.Debug|Any CPU.ActiveCfg = Debug|Any CPU
		{3D902504-DB29-4251-8846-9EBFA08A20A5}.Debug|Any CPU.Build.0 = Debug|Any CPU
		{3D902504-DB29-4251-8846-9EBFA08A20A5}.Debug|ARM.ActiveCfg = Debug|Any CPU
		{3D902504-DB29-4251-8846-9EBFA08A20A5}.Debug|ARM.Build.0 = Debug|Any CPU
		{3D902504-DB29-4251-8846-9EBFA08A20A5}.Debug|ARM64.ActiveCfg = Debug|Any CPU
		{3D902504-DB29-4251-8846-9EBFA08A20A5}.Debug|ARM64.Build.0 = Debug|Any CPU
		{3D902504-DB29-4251-8846-9EBFA08A20A5}.Debug|iPhone.ActiveCfg = Debug|Any CPU
		{3D902504-DB29-4251-8846-9EBFA08A20A5}.Debug|iPhone.Build.0 = Debug|Any CPU
		{3D902504-DB29-4251-8846-9EBFA08A20A5}.Debug|iPhoneSimulator.ActiveCfg = Debug|Any CPU
		{3D902504-DB29-4251-8846-9EBFA08A20A5}.Debug|iPhoneSimulator.Build.0 = Debug|Any CPU
		{3D902504-DB29-4251-8846-9EBFA08A20A5}.Debug|x64.ActiveCfg = Debug|Any CPU
		{3D902504-DB29-4251-8846-9EBFA08A20A5}.Debug|x64.Build.0 = Debug|Any CPU
		{3D902504-DB29-4251-8846-9EBFA08A20A5}.Debug|x86.ActiveCfg = Debug|Any CPU
		{3D902504-DB29-4251-8846-9EBFA08A20A5}.Debug|x86.Build.0 = Debug|Any CPU
		{3D902504-DB29-4251-8846-9EBFA08A20A5}.Release|Any CPU.ActiveCfg = Release|Any CPU
		{3D902504-DB29-4251-8846-9EBFA08A20A5}.Release|Any CPU.Build.0 = Release|Any CPU
		{3D902504-DB29-4251-8846-9EBFA08A20A5}.Release|ARM.ActiveCfg = Release|Any CPU
		{3D902504-DB29-4251-8846-9EBFA08A20A5}.Release|ARM.Build.0 = Release|Any CPU
		{3D902504-DB29-4251-8846-9EBFA08A20A5}.Release|ARM64.ActiveCfg = Release|Any CPU
		{3D902504-DB29-4251-8846-9EBFA08A20A5}.Release|ARM64.Build.0 = Release|Any CPU
		{3D902504-DB29-4251-8846-9EBFA08A20A5}.Release|iPhone.ActiveCfg = Release|Any CPU
		{3D902504-DB29-4251-8846-9EBFA08A20A5}.Release|iPhone.Build.0 = Release|Any CPU
		{3D902504-DB29-4251-8846-9EBFA08A20A5}.Release|iPhoneSimulator.ActiveCfg = Release|Any CPU
		{3D902504-DB29-4251-8846-9EBFA08A20A5}.Release|iPhoneSimulator.Build.0 = Release|Any CPU
		{3D902504-DB29-4251-8846-9EBFA08A20A5}.Release|x64.ActiveCfg = Release|Any CPU
		{3D902504-DB29-4251-8846-9EBFA08A20A5}.Release|x64.Build.0 = Release|Any CPU
		{3D902504-DB29-4251-8846-9EBFA08A20A5}.Release|x86.ActiveCfg = Release|Any CPU
		{3D902504-DB29-4251-8846-9EBFA08A20A5}.Release|x86.Build.0 = Release|Any CPU
		{99A3FC31-91EB-46D1-9DC3-F9E33CD534B2}.Ad-Hoc|Any CPU.ActiveCfg = Debug|Any CPU
		{99A3FC31-91EB-46D1-9DC3-F9E33CD534B2}.Ad-Hoc|Any CPU.Build.0 = Debug|Any CPU
		{99A3FC31-91EB-46D1-9DC3-F9E33CD534B2}.Ad-Hoc|ARM.ActiveCfg = Debug|Any CPU
		{99A3FC31-91EB-46D1-9DC3-F9E33CD534B2}.Ad-Hoc|ARM.Build.0 = Debug|Any CPU
		{99A3FC31-91EB-46D1-9DC3-F9E33CD534B2}.Ad-Hoc|ARM64.ActiveCfg = Debug|Any CPU
		{99A3FC31-91EB-46D1-9DC3-F9E33CD534B2}.Ad-Hoc|ARM64.Build.0 = Debug|Any CPU
		{99A3FC31-91EB-46D1-9DC3-F9E33CD534B2}.Ad-Hoc|iPhone.ActiveCfg = Debug|Any CPU
		{99A3FC31-91EB-46D1-9DC3-F9E33CD534B2}.Ad-Hoc|iPhone.Build.0 = Debug|Any CPU
		{99A3FC31-91EB-46D1-9DC3-F9E33CD534B2}.Ad-Hoc|iPhoneSimulator.ActiveCfg = Debug|Any CPU
		{99A3FC31-91EB-46D1-9DC3-F9E33CD534B2}.Ad-Hoc|iPhoneSimulator.Build.0 = Debug|Any CPU
		{99A3FC31-91EB-46D1-9DC3-F9E33CD534B2}.Ad-Hoc|x64.ActiveCfg = Debug|Any CPU
		{99A3FC31-91EB-46D1-9DC3-F9E33CD534B2}.Ad-Hoc|x64.Build.0 = Debug|Any CPU
		{99A3FC31-91EB-46D1-9DC3-F9E33CD534B2}.Ad-Hoc|x86.ActiveCfg = Debug|Any CPU
		{99A3FC31-91EB-46D1-9DC3-F9E33CD534B2}.Ad-Hoc|x86.Build.0 = Debug|Any CPU
		{99A3FC31-91EB-46D1-9DC3-F9E33CD534B2}.AppStore|Any CPU.ActiveCfg = Debug|Any CPU
		{99A3FC31-91EB-46D1-9DC3-F9E33CD534B2}.AppStore|Any CPU.Build.0 = Debug|Any CPU
		{99A3FC31-91EB-46D1-9DC3-F9E33CD534B2}.AppStore|ARM.ActiveCfg = Debug|Any CPU
		{99A3FC31-91EB-46D1-9DC3-F9E33CD534B2}.AppStore|ARM.Build.0 = Debug|Any CPU
		{99A3FC31-91EB-46D1-9DC3-F9E33CD534B2}.AppStore|ARM64.ActiveCfg = Debug|Any CPU
		{99A3FC31-91EB-46D1-9DC3-F9E33CD534B2}.AppStore|ARM64.Build.0 = Debug|Any CPU
		{99A3FC31-91EB-46D1-9DC3-F9E33CD534B2}.AppStore|iPhone.ActiveCfg = Debug|Any CPU
		{99A3FC31-91EB-46D1-9DC3-F9E33CD534B2}.AppStore|iPhone.Build.0 = Debug|Any CPU
		{99A3FC31-91EB-46D1-9DC3-F9E33CD534B2}.AppStore|iPhoneSimulator.ActiveCfg = Debug|Any CPU
		{99A3FC31-91EB-46D1-9DC3-F9E33CD534B2}.AppStore|iPhoneSimulator.Build.0 = Debug|Any CPU
		{99A3FC31-91EB-46D1-9DC3-F9E33CD534B2}.AppStore|x64.ActiveCfg = Debug|Any CPU
		{99A3FC31-91EB-46D1-9DC3-F9E33CD534B2}.AppStore|x64.Build.0 = Debug|Any CPU
		{99A3FC31-91EB-46D1-9DC3-F9E33CD534B2}.AppStore|x86.ActiveCfg = Debug|Any CPU
		{99A3FC31-91EB-46D1-9DC3-F9E33CD534B2}.AppStore|x86.Build.0 = Debug|Any CPU
		{99A3FC31-91EB-46D1-9DC3-F9E33CD534B2}.Debug|Any CPU.ActiveCfg = Debug|Any CPU
		{99A3FC31-91EB-46D1-9DC3-F9E33CD534B2}.Debug|Any CPU.Build.0 = Debug|Any CPU
		{99A3FC31-91EB-46D1-9DC3-F9E33CD534B2}.Debug|ARM.ActiveCfg = Debug|Any CPU
		{99A3FC31-91EB-46D1-9DC3-F9E33CD534B2}.Debug|ARM.Build.0 = Debug|Any CPU
		{99A3FC31-91EB-46D1-9DC3-F9E33CD534B2}.Debug|ARM64.ActiveCfg = Debug|Any CPU
		{99A3FC31-91EB-46D1-9DC3-F9E33CD534B2}.Debug|ARM64.Build.0 = Debug|Any CPU
		{99A3FC31-91EB-46D1-9DC3-F9E33CD534B2}.Debug|iPhone.ActiveCfg = Debug|Any CPU
		{99A3FC31-91EB-46D1-9DC3-F9E33CD534B2}.Debug|iPhone.Build.0 = Debug|Any CPU
		{99A3FC31-91EB-46D1-9DC3-F9E33CD534B2}.Debug|iPhoneSimulator.ActiveCfg = Debug|Any CPU
		{99A3FC31-91EB-46D1-9DC3-F9E33CD534B2}.Debug|iPhoneSimulator.Build.0 = Debug|Any CPU
		{99A3FC31-91EB-46D1-9DC3-F9E33CD534B2}.Debug|x64.ActiveCfg = Debug|Any CPU
		{99A3FC31-91EB-46D1-9DC3-F9E33CD534B2}.Debug|x64.Build.0 = Debug|Any CPU
		{99A3FC31-91EB-46D1-9DC3-F9E33CD534B2}.Debug|x86.ActiveCfg = Debug|Any CPU
		{99A3FC31-91EB-46D1-9DC3-F9E33CD534B2}.Debug|x86.Build.0 = Debug|Any CPU
		{99A3FC31-91EB-46D1-9DC3-F9E33CD534B2}.Release|Any CPU.ActiveCfg = Release|Any CPU
		{99A3FC31-91EB-46D1-9DC3-F9E33CD534B2}.Release|Any CPU.Build.0 = Release|Any CPU
		{99A3FC31-91EB-46D1-9DC3-F9E33CD534B2}.Release|ARM.ActiveCfg = Release|Any CPU
		{99A3FC31-91EB-46D1-9DC3-F9E33CD534B2}.Release|ARM.Build.0 = Release|Any CPU
		{99A3FC31-91EB-46D1-9DC3-F9E33CD534B2}.Release|ARM64.ActiveCfg = Release|Any CPU
		{99A3FC31-91EB-46D1-9DC3-F9E33CD534B2}.Release|ARM64.Build.0 = Release|Any CPU
		{99A3FC31-91EB-46D1-9DC3-F9E33CD534B2}.Release|iPhone.ActiveCfg = Release|Any CPU
		{99A3FC31-91EB-46D1-9DC3-F9E33CD534B2}.Release|iPhone.Build.0 = Release|Any CPU
		{99A3FC31-91EB-46D1-9DC3-F9E33CD534B2}.Release|iPhoneSimulator.ActiveCfg = Release|Any CPU
		{99A3FC31-91EB-46D1-9DC3-F9E33CD534B2}.Release|iPhoneSimulator.Build.0 = Release|Any CPU
		{99A3FC31-91EB-46D1-9DC3-F9E33CD534B2}.Release|x64.ActiveCfg = Release|Any CPU
		{99A3FC31-91EB-46D1-9DC3-F9E33CD534B2}.Release|x64.Build.0 = Release|Any CPU
		{99A3FC31-91EB-46D1-9DC3-F9E33CD534B2}.Release|x86.ActiveCfg = Release|Any CPU
		{99A3FC31-91EB-46D1-9DC3-F9E33CD534B2}.Release|x86.Build.0 = Release|Any CPU
		{7CB50391-BD7A-42D4-A680-A915920F5F24}.Ad-Hoc|Any CPU.ActiveCfg = Debug|Any CPU
		{7CB50391-BD7A-42D4-A680-A915920F5F24}.Ad-Hoc|Any CPU.Build.0 = Debug|Any CPU
		{7CB50391-BD7A-42D4-A680-A915920F5F24}.Ad-Hoc|ARM.ActiveCfg = Debug|Any CPU
		{7CB50391-BD7A-42D4-A680-A915920F5F24}.Ad-Hoc|ARM.Build.0 = Debug|Any CPU
		{7CB50391-BD7A-42D4-A680-A915920F5F24}.Ad-Hoc|ARM64.ActiveCfg = Debug|Any CPU
		{7CB50391-BD7A-42D4-A680-A915920F5F24}.Ad-Hoc|ARM64.Build.0 = Debug|Any CPU
		{7CB50391-BD7A-42D4-A680-A915920F5F24}.Ad-Hoc|iPhone.ActiveCfg = Debug|Any CPU
		{7CB50391-BD7A-42D4-A680-A915920F5F24}.Ad-Hoc|iPhone.Build.0 = Debug|Any CPU
		{7CB50391-BD7A-42D4-A680-A915920F5F24}.Ad-Hoc|iPhoneSimulator.ActiveCfg = Debug|Any CPU
		{7CB50391-BD7A-42D4-A680-A915920F5F24}.Ad-Hoc|iPhoneSimulator.Build.0 = Debug|Any CPU
		{7CB50391-BD7A-42D4-A680-A915920F5F24}.Ad-Hoc|x64.ActiveCfg = Debug|Any CPU
		{7CB50391-BD7A-42D4-A680-A915920F5F24}.Ad-Hoc|x64.Build.0 = Debug|Any CPU
		{7CB50391-BD7A-42D4-A680-A915920F5F24}.Ad-Hoc|x86.ActiveCfg = Debug|Any CPU
		{7CB50391-BD7A-42D4-A680-A915920F5F24}.Ad-Hoc|x86.Build.0 = Debug|Any CPU
		{7CB50391-BD7A-42D4-A680-A915920F5F24}.AppStore|Any CPU.ActiveCfg = Debug|Any CPU
		{7CB50391-BD7A-42D4-A680-A915920F5F24}.AppStore|Any CPU.Build.0 = Debug|Any CPU
		{7CB50391-BD7A-42D4-A680-A915920F5F24}.AppStore|ARM.ActiveCfg = Debug|Any CPU
		{7CB50391-BD7A-42D4-A680-A915920F5F24}.AppStore|ARM.Build.0 = Debug|Any CPU
		{7CB50391-BD7A-42D4-A680-A915920F5F24}.AppStore|ARM64.ActiveCfg = Debug|Any CPU
		{7CB50391-BD7A-42D4-A680-A915920F5F24}.AppStore|ARM64.Build.0 = Debug|Any CPU
		{7CB50391-BD7A-42D4-A680-A915920F5F24}.AppStore|iPhone.ActiveCfg = Debug|Any CPU
		{7CB50391-BD7A-42D4-A680-A915920F5F24}.AppStore|iPhone.Build.0 = Debug|Any CPU
		{7CB50391-BD7A-42D4-A680-A915920F5F24}.AppStore|iPhoneSimulator.ActiveCfg = Debug|Any CPU
		{7CB50391-BD7A-42D4-A680-A915920F5F24}.AppStore|iPhoneSimulator.Build.0 = Debug|Any CPU
		{7CB50391-BD7A-42D4-A680-A915920F5F24}.AppStore|x64.ActiveCfg = Debug|Any CPU
		{7CB50391-BD7A-42D4-A680-A915920F5F24}.AppStore|x64.Build.0 = Debug|Any CPU
		{7CB50391-BD7A-42D4-A680-A915920F5F24}.AppStore|x86.ActiveCfg = Debug|Any CPU
		{7CB50391-BD7A-42D4-A680-A915920F5F24}.AppStore|x86.Build.0 = Debug|Any CPU
		{7CB50391-BD7A-42D4-A680-A915920F5F24}.Debug|Any CPU.ActiveCfg = Debug|Any CPU
		{7CB50391-BD7A-42D4-A680-A915920F5F24}.Debug|Any CPU.Build.0 = Debug|Any CPU
		{7CB50391-BD7A-42D4-A680-A915920F5F24}.Debug|ARM.ActiveCfg = Debug|Any CPU
		{7CB50391-BD7A-42D4-A680-A915920F5F24}.Debug|ARM.Build.0 = Debug|Any CPU
		{7CB50391-BD7A-42D4-A680-A915920F5F24}.Debug|ARM64.ActiveCfg = Debug|Any CPU
		{7CB50391-BD7A-42D4-A680-A915920F5F24}.Debug|ARM64.Build.0 = Debug|Any CPU
		{7CB50391-BD7A-42D4-A680-A915920F5F24}.Debug|iPhone.ActiveCfg = Debug|Any CPU
		{7CB50391-BD7A-42D4-A680-A915920F5F24}.Debug|iPhone.Build.0 = Debug|Any CPU
		{7CB50391-BD7A-42D4-A680-A915920F5F24}.Debug|iPhoneSimulator.ActiveCfg = Debug|Any CPU
		{7CB50391-BD7A-42D4-A680-A915920F5F24}.Debug|iPhoneSimulator.Build.0 = Debug|Any CPU
		{7CB50391-BD7A-42D4-A680-A915920F5F24}.Debug|x64.ActiveCfg = Debug|Any CPU
		{7CB50391-BD7A-42D4-A680-A915920F5F24}.Debug|x64.Build.0 = Debug|Any CPU
		{7CB50391-BD7A-42D4-A680-A915920F5F24}.Debug|x86.ActiveCfg = Debug|Any CPU
		{7CB50391-BD7A-42D4-A680-A915920F5F24}.Debug|x86.Build.0 = Debug|Any CPU
		{7CB50391-BD7A-42D4-A680-A915920F5F24}.Release|Any CPU.ActiveCfg = Release|Any CPU
		{7CB50391-BD7A-42D4-A680-A915920F5F24}.Release|Any CPU.Build.0 = Release|Any CPU
		{7CB50391-BD7A-42D4-A680-A915920F5F24}.Release|ARM.ActiveCfg = Release|Any CPU
		{7CB50391-BD7A-42D4-A680-A915920F5F24}.Release|ARM.Build.0 = Release|Any CPU
		{7CB50391-BD7A-42D4-A680-A915920F5F24}.Release|ARM64.ActiveCfg = Release|Any CPU
		{7CB50391-BD7A-42D4-A680-A915920F5F24}.Release|ARM64.Build.0 = Release|Any CPU
		{7CB50391-BD7A-42D4-A680-A915920F5F24}.Release|iPhone.ActiveCfg = Release|Any CPU
		{7CB50391-BD7A-42D4-A680-A915920F5F24}.Release|iPhone.Build.0 = Release|Any CPU
		{7CB50391-BD7A-42D4-A680-A915920F5F24}.Release|iPhoneSimulator.ActiveCfg = Release|Any CPU
		{7CB50391-BD7A-42D4-A680-A915920F5F24}.Release|iPhoneSimulator.Build.0 = Release|Any CPU
		{7CB50391-BD7A-42D4-A680-A915920F5F24}.Release|x64.ActiveCfg = Release|Any CPU
		{7CB50391-BD7A-42D4-A680-A915920F5F24}.Release|x64.Build.0 = Release|Any CPU
		{7CB50391-BD7A-42D4-A680-A915920F5F24}.Release|x86.ActiveCfg = Release|Any CPU
		{7CB50391-BD7A-42D4-A680-A915920F5F24}.Release|x86.Build.0 = Release|Any CPU
	EndGlobalSection
	GlobalSection(SolutionProperties) = preSolution
		HideSolutionNode = FALSE
	EndGlobalSection
	GlobalSection(NestedProjects) = preSolution
		{07D3A1BB-DDF1-4612-98CC-B75C3AD4CD4E} = {8DC56178-0EE8-42C6-B3C1-EECB928C542D}
		{13F90196-3EEB-46CC-837F-B723681CFCD1} = {8DC56178-0EE8-42C6-B3C1-EECB928C542D}
		{4EBEACB5-DE02-4B5D-872E-9876A1852F68} = {8DC56178-0EE8-42C6-B3C1-EECB928C542D}
		{93140EE4-DA24-4233-B81E-972E9E48D42C} = {8DC56178-0EE8-42C6-B3C1-EECB928C542D}
		{C52DDD3A-1672-4C6A-8C90-AF7305F4FA5F} = {8DC56178-0EE8-42C6-B3C1-EECB928C542D}
		{4AADE27F-A949-4314-A4BA-1C309E2EEA92} = {8DC56178-0EE8-42C6-B3C1-EECB928C542D}
		{848218AF-7214-4A88-8341-D2899DB756E8} = {8DC56178-0EE8-42C6-B3C1-EECB928C542D}
		{3D902504-DB29-4251-8846-9EBFA08A20A5} = {8DC56178-0EE8-42C6-B3C1-EECB928C542D}
		{99A3FC31-91EB-46D1-9DC3-F9E33CD534B2} = {8DC56178-0EE8-42C6-B3C1-EECB928C542D}
	EndGlobalSection
	GlobalSection(ExtensibilityGlobals) = postSolution
		SolutionGuid = {B671FFC8-41FD-4087-89A2-2A09FC38AAAA}
	EndGlobalSection
EndGlobal
